
Microsoft Visual Studio Solution File, Format Version 12.00
# Visual Studio Version 17
VisualStudioVersion = 17.8.34330.188
MinimumVisualStudioVersion = 10.0.40219.1
Project("{9A19103F-16F7-4668-BE54-9A1E7A4F7556}") = "MouseSite", "MouseSite\MouseSite.csproj", "{240065E4-E747-4C97-910E-C902012E0C37}"
EndProject
Project("{9A19103F-16F7-4668-BE54-9A1E7A4F7556}") = "MouseRazor", "MouseRazor\MouseRazor.csproj", "{F314A885-C4E5-46E8-B036-ECC7B29CA2AD}"
EndProject
Global
	GlobalSection(SolutionConfigurationPlatforms) = preSolution
		Debug|Any CPU = Debug|Any CPU
		Release|Any CPU = Release|Any CPU
	EndGlobalSection
	GlobalSection(ProjectConfigurationPlatforms) = postSolution
		{240065E4-E747-4C97-910E-C902012E0C37}.Debug|Any CPU.ActiveCfg = Debug|Any CPU
		{240065E4-E747-4C97-910E-C902012E0C37}.Debug|Any CPU.Build.0 = Debug|Any CPU
		{240065E4-E747-4C97-910E-C902012E0C37}.Release|Any CPU.ActiveCfg = Release|Any CPU
		{240065E4-E747-4C97-910E-C902012E0C37}.Release|Any CPU.Build.0 = Release|Any CPU
		{F314A885-C4E5-46E8-B036-ECC7B29CA2AD}.Debug|Any CPU.ActiveCfg = Debug|Any CPU
		{F314A885-C4E5-46E8-B036-ECC7B29CA2AD}.Debug|Any CPU.Build.0 = Debug|Any CPU
		{F314A885-C4E5-46E8-B036-ECC7B29CA2AD}.Release|Any CPU.ActiveCfg = Release|Any CPU
		{F314A885-C4E5-46E8-B036-ECC7B29CA2AD}.Release|Any CPU.Build.0 = Release|Any CPU
	EndGlobalSection
	GlobalSection(SolutionProperties) = preSolution
		HideSolutionNode = FALSE
	EndGlobalSection
	GlobalSection(ExtensibilityGlobals) = postSolution
		SolutionGuid = {B9309160-C8C8-4006-AE2A-9D516FB1DA65}
	EndGlobalSection
EndGlobal
